
Microsoft Visual Studio Solution File, Format Version 12.00
# Visual Studio Version 17
VisualStudioVersion = 17.14.36623.8
MinimumVisualStudioVersion = 10.0.40219.1
Project("{2150E333-8FDC-42A3-9474-1A3956D46DE8}") = "Chapter00", "Chapter00", "{DDB4EF12-CC4E-5E88-E6FC-71A802F4DE97}"
EndProject
Project("{FAE04EC0-301F-11D3-BF4B-00C04F79EFBC}") = "Sample0416", "Chapter00\Sample0416\Sample0416.csproj", "{43602321-2F24-4005-9E9A-D4BE43B5C320}"
EndProject
Project("{FAE04EC0-301F-11D3-BF4B-00C04F79EFBC}") = "Sample0415", "Chapter00\Sample0415\Sample0415\Sample0415.csproj", "{D0F00D84-AD20-C5D6-67FE-85D6CB59A7CE}"
EndProject
Project("{2150E333-8FDC-42A3-9474-1A3956D46DE8}") = "Chapter01", "Chapter01", "{24B67001-C531-4DAC-9646-78A84E6B4D9B}"
EndProject
Project("{2150E333-8FDC-42A3-9474-1A3956D46DE8}") = "Chapter02", "Chapter02", "{0288E762-9536-4E78-A244-8EAAD1466D8D}"
EndProject
Project("{2150E333-8FDC-42A3-9474-1A3956D46DE8}") = "距離換算プログラム", "距離換算プログラム", "{A03BB83C-59E9-461D-B230-4B920A06C239}"
EndProject
Project("{FAE04EC0-301F-11D3-BF4B-00C04F79EFBC}") = "DistanceConverter", "Chapter02\距離換算プログラム\DistanceConverter\DistanceConverter.csproj", "{1F80678F-4C0D-4F25-BD1C-557928EE30B9}"
EndProject
Project("{2150E333-8FDC-42A3-9474-1A3956D46DE8}") = "Chapter04", "Chapter04", "{B6855A35-6593-490E-9ED5-540E77395074}"
EndProject
Project("{2150E333-8FDC-42A3-9474-1A3956D46DE8}") = "p108文字列を数値に変換する", "p108文字列を数値に変換する", "{89DB2B8E-687C-4299-B84F-F981623C63EB}"
EndProject
Project("{FAE04EC0-301F-11D3-BF4B-00C04F79EFBC}") = "Code4_36", "Chapter04\文字列を数値に変換する\Code4_36\Code4_36.csproj", "{9021AD60-3EE7-438F-88FE-E5DDBA9D7018}"
EndProject
Project("{2150E333-8FDC-42A3-9474-1A3956D46DE8}") = "売り上げ集計プログラム", "売り上げ集計プログラム", "{28F9DED4-E4EC-4A70-BC94-01D2D7CAED86}"
EndProject
Project("{FAE04EC0-301F-11D3-BF4B-00C04F79EFBC}") = "SalesCalculator", "Chapter02\売り上げ集計プログラム\SalesCalculator\SalesCalculator.csproj", "{6019A5D9-D03D-4736-992D-EFA27658E257}"
EndProject
Global
	GlobalSection(SolutionConfigurationPlatforms) = preSolution
		Debug|Any CPU = Debug|Any CPU
		Release|Any CPU = Release|Any CPU
	EndGlobalSection
	GlobalSection(ProjectConfigurationPlatforms) = postSolution
		{43602321-2F24-4005-9E9A-D4BE43B5C320}.Debug|Any CPU.ActiveCfg = Debug|Any CPU
		{43602321-2F24-4005-9E9A-D4BE43B5C320}.Debug|Any CPU.Build.0 = Debug|Any CPU
		{43602321-2F24-4005-9E9A-D4BE43B5C320}.Release|Any CPU.ActiveCfg = Release|Any CPU
		{43602321-2F24-4005-9E9A-D4BE43B5C320}.Release|Any CPU.Build.0 = Release|Any CPU
		{D0F00D84-AD20-C5D6-67FE-85D6CB59A7CE}.Debug|Any CPU.ActiveCfg = Debug|Any CPU
		{D0F00D84-AD20-C5D6-67FE-85D6CB59A7CE}.Debug|Any CPU.Build.0 = Debug|Any CPU
		{D0F00D84-AD20-C5D6-67FE-85D6CB59A7CE}.Release|Any CPU.ActiveCfg = Release|Any CPU
		{D0F00D84-AD20-C5D6-67FE-85D6CB59A7CE}.Release|Any CPU.Build.0 = Release|Any CPU
		{1F80678F-4C0D-4F25-BD1C-557928EE30B9}.Debug|Any CPU.ActiveCfg = Debug|Any CPU
		{1F80678F-4C0D-4F25-BD1C-557928EE30B9}.Debug|Any CPU.Build.0 = Debug|Any CPU
		{1F80678F-4C0D-4F25-BD1C-557928EE30B9}.Release|Any CPU.ActiveCfg = Release|Any CPU
		{1F80678F-4C0D-4F25-BD1C-557928EE30B9}.Release|Any CPU.Build.0 = Release|Any CPU
		{9021AD60-3EE7-438F-88FE-E5DDBA9D7018}.Debug|Any CPU.ActiveCfg = Debug|Any CPU
		{9021AD60-3EE7-438F-88FE-E5DDBA9D7018}.Debug|Any CPU.Build.0 = Debug|Any CPU
		{9021AD60-3EE7-438F-88FE-E5DDBA9D7018}.Release|Any CPU.ActiveCfg = Release|Any CPU
		{9021AD60-3EE7-438F-88FE-E5DDBA9D7018}.Release|Any CPU.Build.0 = Release|Any CPU
		{6019A5D9-D03D-4736-992D-EFA27658E257}.Debug|Any CPU.ActiveCfg = Debug|Any CPU
		{6019A5D9-D03D-4736-992D-EFA27658E257}.Debug|Any CPU.Build.0 = Debug|Any CPU
		{6019A5D9-D03D-4736-992D-EFA27658E257}.Release|Any CPU.ActiveCfg = Release|Any CPU
		{6019A5D9-D03D-4736-992D-EFA27658E257}.Release|Any CPU.Build.0 = Release|Any CPU
	EndGlobalSection
	GlobalSection(SolutionProperties) = preSolution
		HideSolutionNode = FALSE
	EndGlobalSection
	GlobalSection(NestedProjects) = preSolution
		{43602321-2F24-4005-9E9A-D4BE43B5C320} = {DDB4EF12-CC4E-5E88-E6FC-71A802F4DE97}
		{D0F00D84-AD20-C5D6-67FE-85D6CB59A7CE} = {DDB4EF12-CC4E-5E88-E6FC-71A802F4DE97}
		{A03BB83C-59E9-461D-B230-4B920A06C239} = {0288E762-9536-4E78-A244-8EAAD1466D8D}
		{1F80678F-4C0D-4F25-BD1C-557928EE30B9} = {A03BB83C-59E9-461D-B230-4B920A06C239}
		{89DB2B8E-687C-4299-B84F-F981623C63EB} = {B6855A35-6593-490E-9ED5-540E77395074}
		{9021AD60-3EE7-438F-88FE-E5DDBA9D7018} = {89DB2B8E-687C-4299-B84F-F981623C63EB}
		{28F9DED4-E4EC-4A70-BC94-01D2D7CAED86} = {0288E762-9536-4E78-A244-8EAAD1466D8D}
		{6019A5D9-D03D-4736-992D-EFA27658E257} = {28F9DED4-E4EC-4A70-BC94-01D2D7CAED86}
	EndGlobalSection
	GlobalSection(ExtensibilityGlobals) = postSolution
		SolutionGuid = {CD109FF7-C2D1-4594-B4DF-ECC6D1D443B9}
	EndGlobalSection
EndGlobal
